
Microsoft Visual Studio Solution File, Format Version 12.00
# Visual Studio Version 17
VisualStudioVersion = 17.10.34707.107
MinimumVisualStudioVersion = 10.0.40219.1
Project("{9A19103F-16F7-4668-BE54-9A1E7A4F7556}") = "ElsaServer", "src\ElsaServer\ElsaServer.csproj", "{674409CF-427E-4E57-BC79-544F9E2507B6}"
EndProject
Project("{9A19103F-16F7-4668-BE54-9A1E7A4F7556}") = "ElsaStudioServer", "src\ElsaStudioServer\ElsaStudioServer.csproj", "{252AD88C-F670-402E-8918-0713ECAC1B05}"
EndProject
Project("{9A19103F-16F7-4668-BE54-9A1E7A4F7556}") = "Elsa.Aspire.ServiceDefaults", "src\Elsa.Aspire.ServiceDefaults\Elsa.Aspire.ServiceDefaults.csproj", "{EE2E269A-3C50-4049-AF12-C555CB0CF46C}"
EndProject
Project("{9A19103F-16F7-4668-BE54-9A1E7A4F7556}") = "Elsa.Aspire.AppHost", "src\Elsa.Aspire.AppHost\Elsa.Aspire.AppHost.csproj", "{5B126D5D-1179-4A39-B4DF-73C8005F7102}"
EndProject
Global
	GlobalSection(SolutionConfigurationPlatforms) = preSolution
		Debug|Any CPU = Debug|Any CPU
		Release|Any CPU = Release|Any CPU
	EndGlobalSection
	GlobalSection(ProjectConfigurationPlatforms) = postSolution
		{674409CF-427E-4E57-BC79-544F9E2507B6}.Debug|Any CPU.ActiveCfg = Debug|Any CPU
		{674409CF-427E-4E57-BC79-544F9E2507B6}.Debug|Any CPU.Build.0 = Debug|Any CPU
		{674409CF-427E-4E57-BC79-544F9E2507B6}.Release|Any CPU.ActiveCfg = Release|Any CPU
		{674409CF-427E-4E57-BC79-544F9E2507B6}.Release|Any CPU.Build.0 = Release|Any CPU
		{252AD88C-F670-402E-8918-0713ECAC1B05}.Debug|Any CPU.ActiveCfg = Debug|Any CPU
		{252AD88C-F670-402E-8918-0713ECAC1B05}.Debug|Any CPU.Build.0 = Debug|Any CPU
		{252AD88C-F670-402E-8918-0713ECAC1B05}.Release|Any CPU.ActiveCfg = Release|Any CPU
		{252AD88C-F670-402E-8918-0713ECAC1B05}.Release|Any CPU.Build.0 = Release|Any CPU
		{EE2E269A-3C50-4049-AF12-C555CB0CF46C}.Debug|Any CPU.ActiveCfg = Debug|Any CPU
		{EE2E269A-3C50-4049-AF12-C555CB0CF46C}.Debug|Any CPU.Build.0 = Debug|Any CPU
		{EE2E269A-3C50-4049-AF12-C555CB0CF46C}.Release|Any CPU.ActiveCfg = Release|Any CPU
		{EE2E269A-3C50-4049-AF12-C555CB0CF46C}.Release|Any CPU.Build.0 = Release|Any CPU
		{5B126D5D-1179-4A39-B4DF-73C8005F7102}.Debug|Any CPU.ActiveCfg = Debug|Any CPU
		{5B126D5D-1179-4A39-B4DF-73C8005F7102}.Debug|Any CPU.Build.0 = Debug|Any CPU
		{5B126D5D-1179-4A39-B4DF-73C8005F7102}.Release|Any CPU.ActiveCfg = Release|Any CPU
		{5B126D5D-1179-4A39-B4DF-73C8005F7102}.Release|Any CPU.Build.0 = Release|Any CPU
	EndGlobalSection
	GlobalSection(SolutionProperties) = preSolution
		HideSolutionNode = FALSE
	EndGlobalSection
	GlobalSection(ExtensibilityGlobals) = postSolution
		SolutionGuid = {CE20C8D2-6038-42C6-AEFD-97FC27D644A2}
	EndGlobalSection
EndGlobal
